
Microsoft Visual Studio Solution File, Format Version 12.00
# Visual Studio Version 16
VisualStudioVersion = 16.0.30717.126
MinimumVisualStudioVersion = 10.0.40219.1
Project("{2150E333-8FDC-42A3-9474-1A3956D46DE8}") = "DAL", "DAL", "{77E6AEF1-97BA-452D-9F3C-EA50BF0BB7DC}"
EndProject
Project("{2150E333-8FDC-42A3-9474-1A3956D46DE8}") = "BLL", "BLL", "{484CB916-9618-4D05-863B-13105652F15D}"
EndProject
Project("{2150E333-8FDC-42A3-9474-1A3956D46DE8}") = "UI", "UI", "{3E5A9ABA-6D54-45B0-B8D7-F084CB23286A}"
EndProject
Project("{FAE04EC0-301F-11D3-BF4B-00C04F79EFBC}") = "HES21.DAL", "HES21.Entity\HES21.DAL.csproj", "{909B6D37-1C22-4EC2-A4CC-2469D6F0B54E}"
EndProject
Project("{FAE04EC0-301F-11D3-BF4B-00C04F79EFBC}") = "HES21.BLL", "HES21.BLL\HES21.BLL.csproj", "{F3133317-3857-4374-9F97-9171A7663FA6}"
EndProject
Project("{FAE04EC0-301F-11D3-BF4B-00C04F79EFBC}") = "HES21.DTO", "HES21.DTO\HES21.DTO.csproj", "{D8F77A7E-5831-454B-9D49-82EDF408EA70}"
EndProject
Project("{FAE04EC0-301F-11D3-BF4B-00C04F79EFBC}") = "HES21.UI", "HES21.UI\HES21.UI.csproj", "{C9071107-FE11-47DA-A18E-52925BC1A869}"
EndProject
Global
	GlobalSection(SolutionConfigurationPlatforms) = preSolution
		Debug|Any CPU = Debug|Any CPU
		Release|Any CPU = Release|Any CPU
	EndGlobalSection
	GlobalSection(ProjectConfigurationPlatforms) = postSolution
		{909B6D37-1C22-4EC2-A4CC-2469D6F0B54E}.Debug|Any CPU.ActiveCfg = Debug|Any CPU
		{909B6D37-1C22-4EC2-A4CC-2469D6F0B54E}.Debug|Any CPU.Build.0 = Debug|Any CPU
		{909B6D37-1C22-4EC2-A4CC-2469D6F0B54E}.Release|Any CPU.ActiveCfg = Release|Any CPU
		{909B6D37-1C22-4EC2-A4CC-2469D6F0B54E}.Release|Any CPU.Build.0 = Release|Any CPU
		{F3133317-3857-4374-9F97-9171A7663FA6}.Debug|Any CPU.ActiveCfg = Debug|Any CPU
		{F3133317-3857-4374-9F97-9171A7663FA6}.Debug|Any CPU.Build.0 = Debug|Any CPU
		{F3133317-3857-4374-9F97-9171A7663FA6}.Release|Any CPU.ActiveCfg = Release|Any CPU
		{F3133317-3857-4374-9F97-9171A7663FA6}.Release|Any CPU.Build.0 = Release|Any CPU
		{D8F77A7E-5831-454B-9D49-82EDF408EA70}.Debug|Any CPU.ActiveCfg = Debug|Any CPU
		{D8F77A7E-5831-454B-9D49-82EDF408EA70}.Debug|Any CPU.Build.0 = Debug|Any CPU
		{D8F77A7E-5831-454B-9D49-82EDF408EA70}.Release|Any CPU.ActiveCfg = Release|Any CPU
		{D8F77A7E-5831-454B-9D49-82EDF408EA70}.Release|Any CPU.Build.0 = Release|Any CPU
		{C9071107-FE11-47DA-A18E-52925BC1A869}.Debug|Any CPU.ActiveCfg = Debug|Any CPU
		{C9071107-FE11-47DA-A18E-52925BC1A869}.Debug|Any CPU.Build.0 = Debug|Any CPU
		{C9071107-FE11-47DA-A18E-52925BC1A869}.Release|Any CPU.ActiveCfg = Release|Any CPU
		{C9071107-FE11-47DA-A18E-52925BC1A869}.Release|Any CPU.Build.0 = Release|Any CPU
	EndGlobalSection
	GlobalSection(SolutionProperties) = preSolution
		HideSolutionNode = FALSE
	EndGlobalSection
	GlobalSection(NestedProjects) = preSolution
		{909B6D37-1C22-4EC2-A4CC-2469D6F0B54E} = {77E6AEF1-97BA-452D-9F3C-EA50BF0BB7DC}
		{F3133317-3857-4374-9F97-9171A7663FA6} = {484CB916-9618-4D05-863B-13105652F15D}
		{D8F77A7E-5831-454B-9D49-82EDF408EA70} = {77E6AEF1-97BA-452D-9F3C-EA50BF0BB7DC}
		{C9071107-FE11-47DA-A18E-52925BC1A869} = {3E5A9ABA-6D54-45B0-B8D7-F084CB23286A}
	EndGlobalSection
	GlobalSection(ExtensibilityGlobals) = postSolution
		SolutionGuid = {2E29F39E-CE15-4572-9BA3-7CF312B5A181}
	EndGlobalSection
EndGlobal
